{
  "version": 1,
  "dependencies": {
    "net10.0": {
      "Toggly.FeatureManagement.Client": {
        "type": "Direct",
        "requested": "[3.10.0, )",
        "resolved": "3.10.0",
        "contentHash": "N4tYlEv5D4dB3uiqTTofshaTRU8ZFH6fjtzE/aOp2OHaAeS2nKxW8TsoD7OsUM4ndQC1Dj50Y+K7jZW/oxcb3w=="
      }
    },
    "net8.0": {
      "Toggly.FeatureManagement.Client": {
        "type": "Direct",
        "requested": "[3.10.0, )",
        "resolved": "3.10.0",
        "contentHash": "N4tYlEv5D4dB3uiqTTofshaTRU8ZFH6fjtzE/aOp2OHaAeS2nKxW8TsoD7OsUM4ndQC1Dj50Y+K7jZW/oxcb3w=="
      }
    }
  }
}