{
  "version": 1,
  "dependencies": {
    "net10.0": {
      "Toggly.FeatureManagement.Client": {
        "type": "Direct",
        "requested": "[3.13.3, )",
        "resolved": "3.13.3",
        "contentHash": "gqPCEKlynBAtf+YO8ArGqtjm58AJPWjOg24qNcsVaOdRkYOv/IOSZrtedrJI7Hn5vYsFE7Ek/2w7CgHee6OeNw=="
      }
    },
    "net8.0": {
      "Toggly.FeatureManagement.Client": {
        "type": "Direct",
        "requested": "[3.13.3, )",
        "resolved": "3.13.3",
        "contentHash": "gqPCEKlynBAtf+YO8ArGqtjm58AJPWjOg24qNcsVaOdRkYOv/IOSZrtedrJI7Hn5vYsFE7Ek/2w7CgHee6OeNw=="
      }
    }
  }
}