{
  "version": 1,
  "dependencies": {
    "net8.0": {
      "Avalonia.Desktop": {
        "type": "Direct",
        "requested": "[11.3.6, )",
        "resolved": "11.3.6",
        "contentHash": "+r/3tPkf2E7rxbKYYd5bRq9vdaPCvuhf+PAKFmKqdQrzjWPSP4/Dg0VDIcgPsv+A2Tq82x67ZUJGQyhiLfsMVQ==",
        "dependencies": {
          "Avalonia": "11.3.6",
          "Avalonia.Native": "11.3.6",
          "Avalonia.Skia": "11.3.6",
          "Avalonia.Win32": "11.3.6",
          "Avalonia.X11": "11.3.6"
        }
      },
      "Avalonia.Themes.Fluent": {
        "type": "Direct",
        "requested": "[11.3.6, )",
        "resolved": "11.3.6",
        "contentHash": "YQ3x66qgMqDxbQoLTqYKGA7yXnxi8fzDL9+CITPrXrVZimlemWmjYqE0NWgd2c78gpp7dNEV4eYzwbbr8bH+9A==",
        "dependencies": {
          "Avalonia": "11.3.6"
        }
      },
      "Toggly.FeatureManagement.Client.Desktop": {
        "type": "Direct",
        "requested": "[3.7.0, )",
        "resolved": "3.7.0",
        "contentHash": "PHuW2mks1p5KWvpG6D72bhRnKWJYWku2F94tRkCmhMrLLgNcicZjoI7habr4x4xjP07c0WfI83miztqb+SSzmA==",
        "dependencies": {
          "Toggly.FeatureManagement.Client": "3.7.0"
        }
      },
      "Avalonia": {
        "type": "Transitive",
        "resolved": "11.3.6",
        "contentHash": "h8V6Cmklaak2h+WVp5gcsprwmrCLQylfNmIQnOQyiETzOazKGmFhlcf+K9zoupxfkhOQXsbSJpb/elyCkrjlig==",
        "dependencies": {
          "Avalonia.BuildServices": "0.0.31",
          "Avalonia.Remote.Protocol": "11.3.6",
          "MicroCom.Runtime": "0.11.0"
        }
      },
      "Avalonia.Angle.Windows.Natives": {
        "type": "Transitive",
        "resolved": "2.1.25547.20250602",
        "contentHash": "ZL0VLc4s9rvNNFt19Pxm5UNAkmKNylugAwJPX9ulXZ6JWs/l6XZihPWWTyezaoNOVyEPU8YbURtW7XMAtqXH5A=="
      },
      "Avalonia.BuildServices": {
        "type": "Transitive",
        "resolved": "0.0.31",
        "contentHash": "KmCN6Hc+45q4OnF10ge450yVUvWuxU6bdQiyKqiSvrHKpahNrEdk0kG6Ip6GHk2SKOCttGQuA206JVdkldEENg=="
      },
      "Avalonia.FreeDesktop": {
        "type": "Transitive",
        "resolved": "11.3.6",
        "contentHash": "vI+m3r5GRoF0CS1EpMG+gx9qCQVkCwlsHyW6+UWxNNpL2IZ9S3zPt/GNgG6vFrhZpBTsoG+OZnZ9XPRT+KkqUw==",
        "dependencies": {
          "Avalonia": "11.3.6",
          "Tmds.DBus.Protocol": "0.21.2"
        }
      },
      "Avalonia.Native": {
        "type": "Transitive",
        "resolved": "11.3.6",
        "contentHash": "QaIKZLfquJ12Rpwo9pQ2V24TfpJI2tQJeYe235G4cJnI3d699DvMUcntQA1VLDCwAK3xHOSTyoN737oU3f9ErQ==",
        "dependencies": {
          "Avalonia": "11.3.6"
        }
      },
      "Avalonia.Remote.Protocol": {
        "type": "Transitive",
        "resolved": "11.3.6",
        "contentHash": "i1lW1ZA5Ghe19kbPiC2pMq48P/9CcOWi8hFj0Y8UZr/czCQok3YJRwU5z8vKsJ5xsMvzpPf+GO/6Qu9Dy2yLvg=="
      },
      "Avalonia.Skia": {
        "type": "Transitive",
        "resolved": "11.3.6",
        "contentHash": "qM1qGCUxPpheLwQ6gr+I4h2dhFz3L9Apa1MhiUsUELzSI6FqfzX2+67M8f/6gOHAtrjwxkjpanNW6eF9zW+g7Q==",
        "dependencies": {
          "Avalonia": "11.3.6",
          "HarfBuzzSharp": "8.3.1.1",
          "HarfBuzzSharp.NativeAssets.Linux": "8.3.1.1",
          "HarfBuzzSharp.NativeAssets.WebAssembly": "8.3.1.1",
          "SkiaSharp": "2.88.9",
          "SkiaSharp.NativeAssets.Linux": "2.88.9",
          "SkiaSharp.NativeAssets.WebAssembly": "2.88.9"
        }
      },
      "Avalonia.Win32": {
        "type": "Transitive",
        "resolved": "11.3.6",
        "contentHash": "KHft8utwz5ktcwHdEAwAPfNGdwqoE0qrwVmPjGYggqJAI4PuaiATkdSObSCXfxRVs2H9aqVB8hiEVB+9rvkxYw==",
        "dependencies": {
          "Avalonia": "11.3.6",
          "Avalonia.Angle.Windows.Natives": "2.1.25547.20250602"
        }
      },
      "Avalonia.X11": {
        "type": "Transitive",
        "resolved": "11.3.6",
        "contentHash": "6NKE1py4zbkMJg++2rMJHyjEXNo2JU0Nj9nEMnXh2gyHyfclhULIGIqmpsLvJ7Ljv1+6iLDqArCFRn+mi1hANw==",
        "dependencies": {
          "Avalonia": "11.3.6",
          "Avalonia.FreeDesktop": "11.3.6",
          "Avalonia.Skia": "11.3.6"
        }
      },
      "HarfBuzzSharp": {
        "type": "Transitive",
        "resolved": "8.3.1.1",
        "contentHash": "tLZN66oe/uiRPTZfrCU4i8ScVGwqHNh5MHrXj0yVf4l7Mz0FhTGnQ71RGySROTmdognAs0JtluHkL41pIabWuQ==",
        "dependencies": {
          "HarfBuzzSharp.NativeAssets.Win32": "8.3.1.1",
          "HarfBuzzSharp.NativeAssets.macOS": "8.3.1.1"
        }
      },
      "HarfBuzzSharp.NativeAssets.Linux": {
        "type": "Transitive",
        "resolved": "8.3.1.1",
        "contentHash": "3EZ1mpIiKWRLL5hUYA82ZHteeDIVaEA/Z0rA/wU6tjx6crcAkJnBPwDXZugBSfo8+J3EznvRJf49uMsqYfKrHg=="
      },
      "HarfBuzzSharp.NativeAssets.macOS": {
        "type": "Transitive",
        "resolved": "8.3.1.1",
        "contentHash": "jbtCsgftcaFLCA13tVKo5iWdElJScrulLTKJre36O4YQTIlwDtPPqhRZNk+Y0vv4D1gxbscasGRucUDfS44ofQ=="
      },
      "HarfBuzzSharp.NativeAssets.WebAssembly": {
        "type": "Transitive",
        "resolved": "8.3.1.1",
        "contentHash": "loJweK2u/mH/3C2zBa0ggJlITIszOkK64HLAZB7FUT670dTg965whLFYHDQo69NmC4+d9UN0icLC9VHidXaVCA=="
      },
      "HarfBuzzSharp.NativeAssets.Win32": {
        "type": "Transitive",
        "resolved": "8.3.1.1",
        "contentHash": "UsJtQsfAJoFDZrXc4hCUfRPMqccfKZ0iumJ/upcUjz/cmsTgVFGNEL5yaJWmkqsuFYdMWbj/En5/kS4PFl9hBA=="
      },
      "MicroCom.Runtime": {
        "type": "Transitive",
        "resolved": "0.11.0",
        "contentHash": "MEnrZ3UIiH40hjzMDsxrTyi8dtqB5ziv3iBeeU4bXsL/7NLSal9F1lZKpK+tfBRnUoDSdtcW3KufE4yhATOMCA=="
      },
      "SkiaSharp": {
        "type": "Transitive",
        "resolved": "2.88.9",
        "contentHash": "3MD5VHjXXieSHCleRLuaTXmL2pD0mB7CcOB1x2kA1I4bhptf4e3R27iM93264ZYuAq6mkUyX5XbcxnZvMJYc1Q==",
        "dependencies": {
          "SkiaSharp.NativeAssets.Win32": "2.88.9",
          "SkiaSharp.NativeAssets.macOS": "2.88.9"
        }
      },
      "SkiaSharp.NativeAssets.Linux": {
        "type": "Transitive",
        "resolved": "2.88.9",
        "contentHash": "cWSaJKVPWAaT/WIn9c8T5uT/l4ETwHxNJTkEOtNKjphNo8AW6TF9O32aRkxqw3l8GUdUo66Bu7EiqtFh/XG0Zg==",
        "dependencies": {
          "SkiaSharp": "2.88.9"
        }
      },
      "SkiaSharp.NativeAssets.macOS": {
        "type": "Transitive",
        "resolved": "2.88.9",
        "contentHash": "Nv5spmKc4505Ep7oUoJ5vp3KweFpeNqxpyGDWyeEPTX2uR6S6syXIm3gj75dM0YJz7NPvcix48mR5laqs8dPuA=="
      },
      "SkiaSharp.NativeAssets.WebAssembly": {
        "type": "Transitive",
        "resolved": "2.88.9",
        "contentHash": "kt06RccBHSnAs2wDYdBSfsjIDbY3EpsOVqnlDgKdgvyuRA8ZFDaHRdWNx1VHjGgYzmnFCGiTJBnXFl5BqGwGnA=="
      },
      "SkiaSharp.NativeAssets.Win32": {
        "type": "Transitive",
        "resolved": "2.88.9",
        "contentHash": "wb2kYgU7iy84nQLYZwMeJXixvK++GoIuECjU4ECaUKNuflyRlJKyiRhN1MAHswvlvzuvkrjRWlK0Za6+kYQK7w=="
      },
      "System.IO.Pipelines": {
        "type": "Transitive",
        "resolved": "8.0.0",
        "contentHash": "FHNOatmUq0sqJOkTx+UF/9YK1f180cnW5FVqnQMvYUN0elp6wFzbtPSiqbo1/ru8ICp43JM1i7kKkk6GsNGHlA=="
      },
      "Tmds.DBus.Protocol": {
        "type": "Transitive",
        "resolved": "0.21.2",
        "contentHash": "ScSMrUrrw8px4kK1Glh0fZv/HQUlg1078bNXNPfRPKQ3WbRzV9HpsydYEOgSoMK5LWICMf2bMwIFH0pGjxjcMA==",
        "dependencies": {
          "System.IO.Pipelines": "8.0.0"
        }
      },
      "Toggly.FeatureManagement.Client": {
        "type": "Transitive",
        "resolved": "3.7.0",
        "contentHash": "6XvKj9DrzshTLCogR47sVQdAPK6kVUVzB6E6SDFIiFyN8PVqt53IuLlCBlk817IY6o9hXYqRJRhBtiFHtOEZGA=="
      }
    }
  }
}