{
  "version": 1,
  "dependencies": {
    "net8.0": {
      "Toggly.FeatureManagement.Client.Desktop": {
        "type": "Direct",
        "requested": "[3.7.0, )",
        "resolved": "3.7.0",
        "contentHash": "PHuW2mks1p5KWvpG6D72bhRnKWJYWku2F94tRkCmhMrLLgNcicZjoI7habr4x4xjP07c0WfI83miztqb+SSzmA==",
        "dependencies": {
          "Toggly.FeatureManagement.Client": "3.7.0"
        }
      },
      "Toggly.FeatureManagement.Client": {
        "type": "Transitive",
        "resolved": "3.7.0",
        "contentHash": "6XvKj9DrzshTLCogR47sVQdAPK6kVUVzB6E6SDFIiFyN8PVqt53IuLlCBlk817IY6o9hXYqRJRhBtiFHtOEZGA=="
      }
    }
  }
}