{
  "name": "nodejs-hono-sdk",
  "version": "1.0.0",
  "lockfileVersion": 3,
  "requires": true,
  "packages": {
    "": {
      "name": "nodejs-hono-sdk",
      "version": "1.0.0",
      "dependencies": {
        "@hono/node-server": "2.1.1",
        "@ops-ai/toggly-hono": "0.3.0",
        "@ops-ai/toggly-node-core": "0.7.0",
        "hono": "4.13.7"
      },
      "engines": {
        "node": ">=22"
      }
    },
    "node_modules/@hono/node-server": {
      "version": "2.1.1",
      "resolved": "https://registry.npmjs.org/@hono/node-server/-/node-server-2.1.1.tgz",
      "integrity": "sha512-ELuehkj5VCBdgEw9zs+ivkKwyzzUCSQuE96YmiPvn1ECBoZCczbFXJLeEGMTYjphP6gydh4pHMqEYPVMYUVgQg==",
      "license": "MIT",
      "engines": {
        "node": ">=20"
      },
      "peerDependencies": {
        "hono": "^4"
      }
    },
    "node_modules/@ops-ai/toggly-eval": {
      "version": "2.0.3",
      "resolved": "https://registry.npmjs.org/@ops-ai/toggly-eval/-/toggly-eval-2.0.3.tgz",
      "integrity": "sha512-We9VfWffirVlFLeOAUukZQDU4gN4qHVlOPdfZnkXH8C4faWydI5nhAGptE+bGtAOtDs2gXjumqQOyizuXr8S1Q==",
      "license": "MIT",
      "dependencies": {
        "ua-parser-js": "^2.0.10"
      },
      "engines": {
        "node": ">=18.0.0"
      }
    },
    "node_modules/@ops-ai/toggly-hono": {
      "version": "0.3.0",
      "resolved": "https://registry.npmjs.org/@ops-ai/toggly-hono/-/toggly-hono-0.3.0.tgz",
      "integrity": "sha512-NU3/Fr4o3gOc89lA6vv3X/bll8OFhFMBGSN4JCZskIgfqpBaxcWhoSPXEYPUSYG+A28Ckvoa+rJu5BzFffZIBg==",
      "license": "MIT",
      "dependencies": {
        "@ops-ai/toggly-node-core": "^0.7.0"
      },
      "engines": {
        "node": ">=18.0.0"
      },
      "peerDependencies": {
        "hono": "^4.0.0"
      }
    },
    "node_modules/@ops-ai/toggly-hooks-types": {
      "version": "1.4.4",
      "resolved": "https://registry.npmjs.org/@ops-ai/toggly-hooks-types/-/toggly-hooks-types-1.4.4.tgz",
      "integrity": "sha512-lFP1tyZDx7PRUULnclANngVrm176QaxO8/Rj2JU3AO/zVOfyoNITi06g3VfCD4KCzd9Fe+fHs0yMukTA2kDblA==",
      "license": "MIT",
      "engines": {
        "node": ">=18.0.0"
      }
    },
    "node_modules/@ops-ai/toggly-node-core": {
      "version": "0.7.0",
      "resolved": "https://registry.npmjs.org/@ops-ai/toggly-node-core/-/toggly-node-core-0.7.0.tgz",
      "integrity": "sha512-zDpb5l6BW7rBXJdedTurWWc0Eif9rb3h1s/KEKDYuL3IkR4+5ZwU2p6lcXXCzKmaoaSdq+Q38GujMatoJNaPpA==",
      "license": "MIT",
      "dependencies": {
        "@ops-ai/toggly-eval": "^2.0.0",
        "@ops-ai/toggly-hooks-types": "^1.4.3",
        "ws": "^8.0.0"
      },
      "engines": {
        "node": ">=18.0.0"
      }
    },
    "node_modules/detect-europe-js": {
      "version": "0.1.2",
      "resolved": "https://registry.npmjs.org/detect-europe-js/-/detect-europe-js-0.1.2.tgz",
      "integrity": "sha512-lgdERlL3u0aUdHocoouzT10d9I89VVhk0qNRmll7mXdGfJT1/wqZ2ZLA4oJAjeACPY5fT1wsbq2AT+GkuInsow==",
      "funding": [
        {
          "type": "github",
          "url": "https://github.com/sponsors/faisalman"
        },
        {
          "type": "opencollective",
          "url": "https://opencollective.com/ua-parser-js"
        },
        {
          "type": "paypal",
          "url": "https://paypal.me/faisalman"
        }
      ],
      "license": "MIT"
    },
    "node_modules/hono": {
      "version": "4.13.7",
      "resolved": "https://registry.npmjs.org/hono/-/hono-4.13.7.tgz",
      "integrity": "sha512-c8/gF9ac8Y78/agExVocyLevgR+JlpNB444Py0FSX8pJoPdYUfUzRcXtYEYGwt6l19qIlVZPN5Mfsw9jFShmQQ==",
      "license": "MIT",
      "engines": {
        "node": ">=16.9.0"
      }
    },
    "node_modules/is-standalone-pwa": {
      "version": "0.1.1",
      "resolved": "https://registry.npmjs.org/is-standalone-pwa/-/is-standalone-pwa-0.1.1.tgz",
      "integrity": "sha512-9Cbovsa52vNQCjdXOzeQq5CnCbAcRk05aU62K20WO372NrTv0NxibLFCK6lQ4/iZEFdEA3p3t2VNOn8AJ53F5g==",
      "funding": [
        {
          "type": "github",
          "url": "https://github.com/sponsors/faisalman"
        },
        {
          "type": "opencollective",
          "url": "https://opencollective.com/ua-parser-js"
        },
        {
          "type": "paypal",
          "url": "https://paypal.me/faisalman"
        }
      ],
      "license": "MIT"
    },
    "node_modules/ua-is-frozen": {
      "version": "0.1.2",
      "resolved": "https://registry.npmjs.org/ua-is-frozen/-/ua-is-frozen-0.1.2.tgz",
      "integrity": "sha512-RwKDW2p3iyWn4UbaxpP2+VxwqXh0jpvdxsYpZ5j/MLLiQOfbsV5shpgQiw93+KMYQPcteeMQ289MaAFzs3G9pw==",
      "funding": [
        {
          "type": "github",
          "url": "https://github.com/sponsors/faisalman"
        },
        {
          "type": "opencollective",
          "url": "https://opencollective.com/ua-parser-js"
        },
        {
          "type": "paypal",
          "url": "https://paypal.me/faisalman"
        }
      ],
      "license": "MIT"
    },
    "node_modules/ua-parser-js": {
      "version": "2.0.10",
      "resolved": "https://registry.npmjs.org/ua-parser-js/-/ua-parser-js-2.0.10.tgz",
      "integrity": "sha512-t+3Ktbq0Ies2vaSezfOaWiolH4OigQIO1dk+1xDpOydB1COVPocVYOrEV5rqZ0kFY9XYG1v9LutCyMgYBpABcw==",
      "funding": [
        {
          "type": "opencollective",
          "url": "https://opencollective.com/ua-parser-js"
        },
        {
          "type": "paypal",
          "url": "https://paypal.me/faisalman"
        },
        {
          "type": "github",
          "url": "https://github.com/sponsors/faisalman"
        }
      ],
      "license": "AGPL-3.0-or-later",
      "dependencies": {
        "detect-europe-js": "^0.1.2",
        "is-standalone-pwa": "^0.1.1",
        "ua-is-frozen": "^0.1.2"
      },
      "bin": {
        "ua-parser-js": "script/cli.js"
      },
      "engines": {
        "node": "*"
      }
    },
    "node_modules/ws": {
      "version": "8.21.3",
      "resolved": "https://registry.npmjs.org/ws/-/ws-8.21.3.tgz",
      "integrity": "sha512-201TZ/kPWxoPr/OKWjquZR1SWKXcvxdH+e1xrx89b3YbmzLMFCLfnaG1HFIgWzJOEWZ7MvpK++odZufgYR50Rw==",
      "license": "MIT",
      "engines": {
        "node": ">=10.0.0"
      },
      "peerDependencies": {
        "bufferutil": "^4.0.1",
        "utf-8-validate": ">=5.0.2"
      },
      "peerDependenciesMeta": {
        "bufferutil": {
          "optional": true
        },
        "utf-8-validate": {
          "optional": true
        }
      }
    }
  }
}
