{
  "version": 1,
  "dependencies": {
    "net10.0": {
      "Toggly.FeatureManagement.Client.Desktop": {
        "type": "Direct",
        "requested": "[3.13.3, )",
        "resolved": "3.13.3",
        "contentHash": "Tk5+4Nm8Ds4JpqjlKUplQstLlPPAQsfHU2KHdjAOc/E9QzomEaZvv+Ect1PFXTedA///EpumskISKYLnf0neQQ==",
        "dependencies": {
          "Toggly.FeatureManagement.Client": "3.13.3"
        }
      },
      "Toggly.FeatureManagement.Client": {
        "type": "Transitive",
        "resolved": "3.13.3",
        "contentHash": "gqPCEKlynBAtf+YO8ArGqtjm58AJPWjOg24qNcsVaOdRkYOv/IOSZrtedrJI7Hn5vYsFE7Ek/2w7CgHee6OeNw=="
      }
    },
    "net8.0": {
      "Toggly.FeatureManagement.Client.Desktop": {
        "type": "Direct",
        "requested": "[3.13.3, )",
        "resolved": "3.13.3",
        "contentHash": "Tk5+4Nm8Ds4JpqjlKUplQstLlPPAQsfHU2KHdjAOc/E9QzomEaZvv+Ect1PFXTedA///EpumskISKYLnf0neQQ==",
        "dependencies": {
          "Toggly.FeatureManagement.Client": "3.13.3"
        }
      },
      "Toggly.FeatureManagement.Client": {
        "type": "Transitive",
        "resolved": "3.13.3",
        "contentHash": "gqPCEKlynBAtf+YO8ArGqtjm58AJPWjOg24qNcsVaOdRkYOv/IOSZrtedrJI7Hn5vYsFE7Ek/2w7CgHee6OeNw=="
      }
    }
  }
}