{
  "version": 1,
  "dependencies": {
    "net8.0": {
      "Toggly.FeatureManagement.Client.Desktop": {
        "type": "Direct",
        "requested": "[3.8.0, )",
        "resolved": "3.8.0",
        "contentHash": "esNMnLb4KZ2UO0B8VF3HWx8/ACxvRMK07LN5AAg/ARZihCmFPWAiDgBha0ZkyknSa7MEBoJ2ER7R9q5cfmrbcQ==",
        "dependencies": {
          "Toggly.FeatureManagement.Client": "3.8.0"
        }
      },
      "Toggly.FeatureManagement.Client": {
        "type": "Transitive",
        "resolved": "3.8.0",
        "contentHash": "EXk8ppZ3bfrquwHQWyuvnT8cwi9ZnSeQpWekJYc2A2tfJfnt2DpICtYI4FKW/MI7mLfux6RDxPlrYezFN53KcA=="
      }
    }
  }
}